// !$*UTF8*$!
{
	archiveVersion = 1;
	classes = {
	};
	objectVersion = 46;
	objects = {

/* Begin PBXBuildFile section */
		B4A943FF1B6231DE00663546 /* main.m in Sources */ = {isa = PBXBuildFile; fileRef = B4A943FE1B6231DE00663546 /* main.m */; };
		B4A944021B6231DE00663546 /* AppDelegate.m in Sources */ = {isa = PBXBuildFile; fileRef = B4A944011B6231DE00663546 /* AppDelegate.m */; };
		B4A944081B6231DE00663546 /* Main.storyboard in Resources */ = {isa = PBXBuildFile; fileRef = B4A944061B6231DE00663546 /* Main.storyboard */; };
		B4A9440A1B6231DE00663546 /* Images.xcassets in Resources */ = {isa = PBXBuildFile; fileRef = B4A944091B6231DE00663546 /* Images.xcassets */; };
		B4A9440D1B6231DE00663546 /* LaunchScreen.xib in Resources */ = {isa = PBXBuildFile; fileRef = B4A9440B1B6231DE00663546 /* LaunchScreen.xib */; };
		B4A944191B6231DE00663546 /* QLDownLoadDemoTests.m in Sources */ = {isa = PBXBuildFile; fileRef = B4A944181B6231DE00663546 /* QLDownLoadDemoTests.m */; };
		B4A9444B1B62320900663546 /* AFHTTPRequestOperation.m in Sources */ = {isa = PBXBuildFile; fileRef = B4A944251B62320900663546 /* AFHTTPRequestOperation.m */; };
		B4A9444C1B62320900663546 /* AFHTTPRequestOperationManager.m in Sources */ = {isa = PBXBuildFile; fileRef = B4A944271B62320900663546 /* AFHTTPRequestOperationManager.m */; };
		B4A9444D1B62320900663546 /* AFHTTPSessionManager.m in Sources */ = {isa = PBXBuildFile; fileRef = B4A944291B62320900663546 /* AFHTTPSessionManager.m */; };
		B4A9444E1B62320900663546 /* AFNetworkReachabilityManager.m in Sources */ = {isa = PBXBuildFile; fileRef = B4A9442C1B62320900663546 /* AFNetworkReachabilityManager.m */; };
		B4A9444F1B62320900663546 /* AFSecurityPolicy.m in Sources */ = {isa = PBXBuildFile; fileRef = B4A9442E1B62320900663546 /* AFSecurityPolicy.m */; };
		B4A944501B62320900663546 /* AFURLConnectionOperation.m in Sources */ = {isa = PBXBuildFile; fileRef = B4A944301B62320900663546 /* AFURLConnectionOperation.m */; };
		B4A944511B62320900663546 /* AFURLRequestSerialization.m in Sources */ = {isa = PBXBuildFile; fileRef = B4A944321B62320900663546 /* AFURLRequestSerialization.m */; };
		B4A944521B62320900663546 /* AFURLResponseSerialization.m in Sources */ = {isa = PBXBuildFile; fileRef = B4A944341B62320900663546 /* AFURLResponseSerialization.m */; };
		B4A944531B62320900663546 /* AFURLSessionManager.m in Sources */ = {isa = PBXBuildFile; fileRef = B4A944361B62320900663546 /* AFURLSessionManager.m */; };
		B4A944541B62320900663546 /* LICENSE in Resources */ = {isa = PBXBuildFile; fileRef = B4A944371B62320900663546 /* LICENSE */; };
		B4A944551B62320900663546 /* README.md in Sources */ = {isa = PBXBuildFile; fileRef = B4A944381B62320900663546 /* README.md */; };
		B4A944561B62320900663546 /* AFNetworkActivityIndicatorManager.m in Sources */ = {isa = PBXBuildFile; fileRef = B4A9443B1B62320900663546 /* AFNetworkActivityIndicatorManager.m */; };
		B4A944571B62320900663546 /* UIActivityIndicatorView+AFNetworking.m in Sources */ = {isa = PBXBuildFile; fileRef = B4A9443D1B62320900663546 /* UIActivityIndicatorView+AFNetworking.m */; };
		B4A944581B62320900663546 /* UIAlertView+AFNetworking.m in Sources */ = {isa = PBXBuildFile; fileRef = B4A9443F1B62320900663546 /* UIAlertView+AFNetworking.m */; };
		B4A944591B62320900663546 /* UIButton+AFNetworking.m in Sources */ = {isa = PBXBuildFile; fileRef = B4A944411B62320900663546 /* UIButton+AFNetworking.m */; };
		B4A9445A1B62320900663546 /* UIImageView+AFNetworking.m in Sources */ = {isa = PBXBuildFile; fileRef = B4A944431B62320900663546 /* UIImageView+AFNetworking.m */; };
		B4A9445B1B62320900663546 /* UIProgressView+AFNetworking.m in Sources */ = {isa = PBXBuildFile; fileRef = B4A944461B62320900663546 /* UIProgressView+AFNetworking.m */; };
		B4A9445C1B62320900663546 /* UIRefreshControl+AFNetworking.m in Sources */ = {isa = PBXBuildFile; fileRef = B4A944481B62320900663546 /* UIRefreshControl+AFNetworking.m */; };
		B4A9445D1B62320900663546 /* UIWebView+AFNetworking.m in Sources */ = {isa = PBXBuildFile; fileRef = B4A9444A1B62320900663546 /* UIWebView+AFNetworking.m */; };
		B4A944601B62327200663546 /* QLVideoListController.m in Sources */ = {isa = PBXBuildFile; fileRef = B4A9445F1B62327200663546 /* QLVideoListController.m */; };
		B4A944631B62331400663546 /* QLVideoListCell.m in Sources */ = {isa = PBXBuildFile; fileRef = B4A944621B62331400663546 /* QLVideoListCell.m */; };
		B4A9446A1B62355C00663546 /* QLNetworkEngine.m in Sources */ = {isa = PBXBuildFile; fileRef = B4A944661B62355C00663546 /* QLNetworkEngine.m */; };
		B4A9446B1B62355C00663546 /* YQBaseModel.m in Sources */ = {isa = PBXBuildFile; fileRef = B4A944691B62355C00663546 /* YQBaseModel.m */; };
		B4A9446E1B623EB700663546 /* QLVideoListModel.m in Sources */ = {isa = PBXBuildFile; fileRef = B4A9446D1B623EB700663546 /* QLVideoListModel.m */; };
/* End PBXBuildFile section */

/* Begin PBXContainerItemProxy section */
		B4A944131B6231DE00663546 /* PBXContainerItemProxy */ = {
			isa = PBXContainerItemProxy;
			containerPortal = B4A943F11B6231DE00663546 /* Project object */;
			proxyType = 1;
			remoteGlobalIDString = B4A943F81B6231DE00663546;
			remoteInfo = QLDownLoadDemo;
		};
/* End PBXContainerItemProxy section */

/* Begin PBXFileReference section */
		B4A943F91B6231DE00663546 /* QLDownLoadDemo.app */ = {isa = PBXFileReference; explicitFileType = wrapper.application; includeInIndex = 0; path = QLDownLoadDemo.app; sourceTree = BUILT_PRODUCTS_DIR; };
		B4A943FD1B6231DE00663546 /* Info.plist */ = {isa = PBXFileReference; lastKnownFileType = text.plist.xml; path = Info.plist; sourceTree = "<group>"; };
		B4A943FE1B6231DE00663546 /* main.m */ = {isa = PBXFileReference; lastKnownFileType = sourcecode.c.objc; path = main.m; sourceTree = "<group>"; };
		B4A944001B6231DE00663546 /* AppDelegate.h */ = {isa = PBXFileReference; lastKnownFileType = sourcecode.c.h; path = AppDelegate.h; sourceTree = "<group>"; };
		B4A944011B6231DE00663546 /* AppDelegate.m */ = {isa = PBXFileReference; lastKnownFileType = sourcecode.c.objc; path = AppDelegate.m; sourceTree = "<group>"; };
		B4A944071B6231DE00663546 /* Base */ = {isa = PBXFileReference; lastKnownFileType = file.storyboard; name = Base; path = Base.lproj/Main.storyboard; sourceTree = "<group>"; };
		B4A944091B6231DE00663546 /* Images.xcassets */ = {isa = PBXFileReference; lastKnownFileType = folder.assetcatalog; path = Images.xcassets; sourceTree = "<group>"; };
		B4A9440C1B6231DE00663546 /* Base */ = {isa = PBXFileReference; lastKnownFileType = file.xib; name = Base; path = Base.lproj/LaunchScreen.xib; sourceTree = "<group>"; };
		B4A944121B6231DE00663546 /* QLDownLoadDemoTests.xctest */ = {isa = PBXFileReference; explicitFileType = wrapper.cfbundle; includeInIndex = 0; path = QLDownLoadDemoTests.xctest; sourceTree = BUILT_PRODUCTS_DIR; };
		B4A944171B6231DE00663546 /* Info.plist */ = {isa = PBXFileReference; lastKnownFileType = text.plist.xml; path = Info.plist; sourceTree = "<group>"; };
		B4A944181B6231DE00663546 /* QLDownLoadDemoTests.m */ = {isa = PBXFileReference; lastKnownFileType = sourcecode.c.objc; path = QLDownLoadDemoTests.m; sourceTree = "<group>"; };
		B4A944241B62320900663546 /* AFHTTPRequestOperation.h */ = {isa = PBXFileReference; fileEncoding = 4; lastKnownFileType = sourcecode.c.h; path = AFHTTPRequestOperation.h; sourceTree = "<group>"; };
		B4A944251B62320900663546 /* AFHTTPRequestOperation.m */ = {isa = PBXFileReference; fileEncoding = 4; lastKnownFileType = sourcecode.c.objc; path = AFHTTPRequestOperation.m; sourceTree = "<group>"; };
		B4A944261B62320900663546 /* AFHTTPRequestOperationManager.h */ = {isa = PBXFileReference; fileEncoding = 4; lastKnownFileType = sourcecode.c.h; path = AFHTTPRequestOperationManager.h; sourceTree = "<group>"; };
		B4A944271B62320900663546 /* AFHTTPRequestOperationManager.m */ = {isa = PBXFileReference; fileEncoding = 4; lastKnownFileType = sourcecode.c.objc; path = AFHTTPRequestOperationManager.m; sourceTree = "<group>"; };
		B4A944281B62320900663546 /* AFHTTPSessionManager.h */ = {isa = PBXFileReference; fileEncoding = 4; lastKnownFileType = sourcecode.c.h; path = AFHTTPSessionManager.h; sourceTree = "<group>"; };
		B4A944291B62320900663546 /* AFHTTPSessionManager.m */ = {isa = PBXFileReference; fileEncoding = 4; lastKnownFileType = sourcecode.c.objc; path = AFHTTPSessionManager.m; sourceTree = "<group>"; };
		B4A9442A1B62320900663546 /* AFNetworking.h */ = {isa = PBXFileReference; fileEncoding = 4; lastKnownFileType = sourcecode.c.h; path = AFNetworking.h; sourceTree = "<group>"; };
		B4A9442B1B62320900663546 /* AFNetworkReachabilityManager.h */ = {isa = PBXFileReference; fileEncoding = 4; lastKnownFileType = sourcecode.c.h; path = AFNetworkReachabilityManager.h; sourceTree = "<group>"; };
		B4A9442C1B62320900663546 /* AFNetworkReachabilityManager.m */ = {isa = PBXFileReference; fileEncoding = 4; lastKnownFileType = sourcecode.c.objc; path = AFNetworkReachabilityManager.m; sourceTree = "<group>"; };
		B4A9442D1B62320900663546 /* AFSecurityPolicy.h */ = {isa = PBXFileReference; fileEncoding = 4; lastKnownFileType = sourcecode.c.h; path = AFSecurityPolicy.h; sourceTree = "<group>"; };
		B4A9442E1B62320900663546 /* AFSecurityPolicy.m */ = {isa = PBXFileReference; fileEncoding = 4; lastKnownFileType = sourcecode.c.objc; path = AFSecurityPolicy.m; sourceTree = "<group>"; };
		B4A9442F1B62320900663546 /* AFURLConnectionOperation.h */ = {isa = PBXFileReference; fileEncoding = 4; lastKnownFileType = sourcecode.c.h; path = AFURLConnectionOperation.h; sourceTree = "<group>"; };
		B4A944301B62320900663546 /* AFURLConnectionOperation.m */ = {isa = PBXFileReference; fileEncoding = 4; lastKnownFileType = sourcecode.c.objc; path = AFURLConnectionOperation.m; sourceTree = "<group>"; };
		B4A944311B62320900663546 /* AFURLRequestSerialization.h */ = {isa = PBXFileReference; fileEncoding = 4; lastKnownFileType = sourcecode.c.h; path = AFURLRequestSerialization.h; sourceTree = "<group>"; };
		B4A944321B62320900663546 /* AFURLRequestSerialization.m */ = {isa = PBXFileReference; fileEncoding = 4; lastKnownFileType = sourcecode.c.objc; path = AFURLRequestSerialization.m; sourceTree = "<group>"; };
		B4A944331B62320900663546 /* AFURLResponseSerialization.h */ = {isa = PBXFileReference; fileEncoding = 4; lastKnownFileType = sourcecode.c.h; path = AFURLResponseSerialization.h; sourceTree = "<group>"; };
		B4A944341B62320900663546 /* AFURLResponseSerialization.m */ = {isa = PBXFileReference; fileEncoding = 4; lastKnownFileType = sourcecode.c.objc; path = AFURLResponseSerialization.m; sourceTree = "<group>"; };
		B4A944351B62320900663546 /* AFURLSessionManager.h */ = {isa = PBXFileReference; fileEncoding = 4; lastKnownFileType = sourcecode.c.h; path = AFURLSessionManager.h; sourceTree = "<group>"; };
		B4A944361B62320900663546 /* AFURLSessionManager.m */ = {isa = PBXFileReference; fileEncoding = 4; lastKnownFileType = sourcecode.c.objc; path = AFURLSessionManager.m; sourceTree = "<group>"; };
		B4A944371B62320900663546 /* LICENSE */ = {isa = PBXFileReference; fileEncoding = 4; lastKnownFileType = text; path = LICENSE; sourceTree = "<group>"; };
		B4A944381B62320900663546 /* README.md */ = {isa = PBXFileReference; fileEncoding = 4; lastKnownFileType = net.daringfireball.markdown; path = README.md; sourceTree = "<group>"; };
		B4A9443A1B62320900663546 /* AFNetworkActivityIndicatorManager.h */ = {isa = PBXFileReference; fileEncoding = 4; lastKnownFileType = sourcecode.c.h; path = AFNetworkActivityIndicatorManager.h; sourceTree = "<group>"; };
		B4A9443B1B62320900663546 /* AFNetworkActivityIndicatorManager.m */ = {isa = PBXFileReference; fileEncoding = 4; lastKnownFileType = sourcecode.c.objc; path = AFNetworkActivityIndicatorManager.m; sourceTree = "<group>"; };
		B4A9443C1B62320900663546 /* UIActivityIndicatorView+AFNetworking.h */ = {isa = PBXFileReference; fileEncoding = 4; lastKnownFileType = sourcecode.c.h; path = "UIActivityIndicatorView+AFNetworking.h"; sourceTree = "<group>"; };
		B4A9443D1B62320900663546 /* UIActivityIndicatorView+AFNetworking.m */ = {isa = PBXFileReference; fileEncoding = 4; lastKnownFileType = sourcecode.c.objc; path = "UIActivityIndicatorView+AFNetworking.m"; sourceTree = "<group>"; };
		B4A9443E1B62320900663546 /* UIAlertView+AFNetworking.h */ = {isa = PBXFileReference; fileEncoding = 4; lastKnownFileType = sourcecode.c.h; path = "UIAlertView+AFNetworking.h"; sourceTree = "<group>"; };
		B4A9443F1B62320900663546 /* UIAlertView+AFNetworking.m */ = {isa = PBXFileReference; fileEncoding = 4; lastKnownFileType = sourcecode.c.objc; path = "UIAlertView+AFNetworking.m"; sourceTree = "<group>"; };
		B4A944401B62320900663546 /* UIButton+AFNetworking.h */ = {isa = PBXFileReference; fileEncoding = 4; lastKnownFileType = sourcecode.c.h; path = "UIButton+AFNetworking.h"; sourceTree = "<group>"; };
		B4A944411B62320900663546 /* UIButton+AFNetworking.m */ = {isa = PBXFileReference; fileEncoding = 4; lastKnownFileType = sourcecode.c.objc; path = "UIButton+AFNetworking.m"; sourceTree = "<group>"; };
		B4A944421B62320900663546 /* UIImageView+AFNetworking.h */ = {isa = PBXFileReference; fileEncoding = 4; lastKnownFileType = sourcecode.c.h; path = "UIImageView+AFNetworking.h"; sourceTree = "<group>"; };
		B4A944431B62320900663546 /* UIImageView+AFNetworking.m */ = {isa = PBXFileReference; fileEncoding = 4; lastKnownFileType = sourcecode.c.objc; path = "UIImageView+AFNetworking.m"; sourceTree = "<group>"; };
		B4A944441B62320900663546 /* UIKit+AFNetworking.h */ = {isa = PBXFileReference; fileEncoding = 4; lastKnownFileType = sourcecode.c.h; path = "UIKit+AFNetworking.h"; sourceTree = "<group>"; };
		B4A944451B62320900663546 /* UIProgressView+AFNetworking.h */ = {isa = PBXFileReference; fileEncoding = 4; lastKnownFileType = sourcecode.c.h; path = "UIProgressView+AFNetworking.h"; sourceTree = "<group>"; };
		B4A944461B62320900663546 /* UIProgressView+AFNetworking.m */ = {isa = PBXFileReference; fileEncoding = 4; lastKnownFileType = sourcecode.c.objc; path = "UIProgressView+AFNetworking.m"; sourceTree = "<group>"; };
		B4A944471B62320900663546 /* UIRefreshControl+AFNetworking.h */ = {isa = PBXFileReference; fileEncoding = 4; lastKnownFileType = sourcecode.c.h; path = "UIRefreshControl+AFNetworking.h"; sourceTree = "<group>"; };
		B4A944481B62320900663546 /* UIRefreshControl+AFNetworking.m */ = {isa = PBXFileReference; fileEncoding = 4; lastKnownFileType = sourcecode.c.objc; path = "UIRefreshControl+AFNetworking.m"; sourceTree = "<group>"; };
		B4A944491B62320900663546 /* UIWebView+AFNetworking.h */ = {isa = PBXFileReference; fileEncoding = 4; lastKnownFileType = sourcecode.c.h; path = "UIWebView+AFNetworking.h"; sourceTree = "<group>"; };
		B4A9444A1B62320900663546 /* UIWebView+AFNetworking.m */ = {isa = PBXFileReference; fileEncoding = 4; lastKnownFileType = sourcecode.c.objc; path = "UIWebView+AFNetworking.m"; sourceTree = "<group>"; };
		B4A9445E1B62327200663546 /* QLVideoListController.h */ = {isa = PBXFileReference; fileEncoding = 4; lastKnownFileType = sourcecode.c.h; path = QLVideoListController.h; sourceTree = "<group>"; };
		B4A9445F1B62327200663546 /* QLVideoListController.m */ = {isa = PBXFileReference; fileEncoding = 4; lastKnownFileType = sourcecode.c.objc; path = QLVideoListController.m; sourceTree = "<group>"; };
		B4A944611B62331400663546 /* QLVideoListCell.h */ = {isa = PBXFileReference; fileEncoding = 4; lastKnownFileType = sourcecode.c.h; path = QLVideoListCell.h; sourceTree = "<group>"; };
		B4A944621B62331400663546 /* QLVideoListCell.m */ = {isa = PBXFileReference; fileEncoding = 4; lastKnownFileType = sourcecode.c.objc; path = QLVideoListCell.m; sourceTree = "<group>"; };
		B4A944651B62355C00663546 /* QLNetworkEngine.h */ = {isa = PBXFileReference; fileEncoding = 4; lastKnownFileType = sourcecode.c.h; path = QLNetworkEngine.h; sourceTree = "<group>"; };
		B4A944661B62355C00663546 /* QLNetworkEngine.m */ = {isa = PBXFileReference; fileEncoding = 4; lastKnownFileType = sourcecode.c.objc; path = QLNetworkEngine.m; sourceTree = "<group>"; };
		B4A944671B62355C00663546 /* QLNetworkEngineHeader.h */ = {isa = PBXFileReference; fileEncoding = 4; lastKnownFileType = sourcecode.c.h; path = QLNetworkEngineHeader.h; sourceTree = "<group>"; };
		B4A944681B62355C00663546 /* YQBaseModel.h */ = {isa = PBXFileReference; fileEncoding = 4; lastKnownFileType = sourcecode.c.h; path = YQBaseModel.h; sourceTree = "<group>"; };
		B4A944691B62355C00663546 /* YQBaseModel.m */ = {isa = PBXFileReference; fileEncoding = 4; lastKnownFileType = sourcecode.c.objc; path = YQBaseModel.m; sourceTree = "<group>"; };
		B4A9446C1B623EB700663546 /* QLVideoListModel.h */ = {isa = PBXFileReference; fileEncoding = 4; lastKnownFileType = sourcecode.c.h; path = QLVideoListModel.h; sourceTree = "<group>"; };
		B4A9446D1B623EB700663546 /* QLVideoListModel.m */ = {isa = PBXFileReference; fileEncoding = 4; lastKnownFileType = sourcecode.c.objc; path = QLVideoListModel.m; sourceTree = "<group>"; };
/* End PBXFileReference section */

/* Begin PBXFrameworksBuildPhase section */
		B4A943F61B6231DE00663546 /* Frameworks */ = {
			isa = PBXFrameworksBuildPhase;
			buildActionMask = 2147483647;
			files = (
			);
			runOnlyForDeploymentPostprocessing = 0;
		};
		B4A9440F1B6231DE00663546 /* Frameworks */ = {
			isa = PBXFrameworksBuildPhase;
			buildActionMask = 2147483647;
			files = (
			);
			runOnlyForDeploymentPostprocessing = 0;
		};
/* End PBXFrameworksBuildPhase section */

/* Begin PBXGroup section */
		B4A943F01B6231DE00663546 = {
			isa = PBXGroup;
			children = (
				B4A943FB1B6231DE00663546 /* QLDownLoadDemo */,
				B4A944151B6231DE00663546 /* QLDownLoadDemoTests */,
				B4A943FA1B6231DE00663546 /* Products */,
			);
			sourceTree = "<group>";
		};
		B4A943FA1B6231DE00663546 /* Products */ = {
			isa = PBXGroup;
			children = (
				B4A943F91B6231DE00663546 /* QLDownLoadDemo.app */,
				B4A944121B6231DE00663546 /* QLDownLoadDemoTests.xctest */,
			);
			name = Products;
			sourceTree = "<group>";
		};
		B4A943FB1B6231DE00663546 /* QLDownLoadDemo */ = {
			isa = PBXGroup;
			children = (
				B4A944221B62320900663546 /* AFNetworking */,
				B4A944641B62355C00663546 /* NetWorkService */,
				B4A944001B6231DE00663546 /* AppDelegate.h */,
				B4A944011B6231DE00663546 /* AppDelegate.m */,
				B4A9445E1B62327200663546 /* QLVideoListController.h */,
				B4A9445F1B62327200663546 /* QLVideoListController.m */,
				B4A944611B62331400663546 /* QLVideoListCell.h */,
				B4A944621B62331400663546 /* QLVideoListCell.m */,
				B4A9446C1B623EB700663546 /* QLVideoListModel.h */,
				B4A9446D1B623EB700663546 /* QLVideoListModel.m */,
				B4A944061B6231DE00663546 /* Main.storyboard */,
				B4A944091B6231DE00663546 /* Images.xcassets */,
				B4A9440B1B6231DE00663546 /* LaunchScreen.xib */,
				B4A943FC1B6231DE00663546 /* Supporting Files */,
			);
			path = QLDownLoadDemo;
			sourceTree = "<group>";
		};
		B4A943FC1B6231DE00663546 /* Supporting Files */ = {
			isa = PBXGroup;
			children = (
				B4A943FD1B6231DE00663546 /* Info.plist */,
				B4A943FE1B6231DE00663546 /* main.m */,
			);
			name = "Supporting Files";
			sourceTree = "<group>";
		};
		B4A944151B6231DE00663546 /* QLDownLoadDemoTests */ = {
			isa = PBXGroup;
			children = (
				B4A944181B6231DE00663546 /* QLDownLoadDemoTests.m */,
				B4A944161B6231DE00663546 /* Supporting Files */,
			);
			path = QLDownLoadDemoTests;
			sourceTree = "<group>";
		};
		B4A944161B6231DE00663546 /* Supporting Files */ = {
			isa = PBXGroup;
			children = (
				B4A944171B6231DE00663546 /* Info.plist */,
			);
			name = "Supporting Files";
			sourceTree = "<group>";
		};
		B4A944221B62320900663546 /* AFNetworking */ = {
			isa = PBXGroup;
			children = (
				B4A944231B62320900663546 /* AFNetworking */,
				B4A944371B62320900663546 /* LICENSE */,
				B4A944381B62320900663546 /* README.md */,
				B4A944391B62320900663546 /* UIKit+AFNetworking */,
			);
			path = AFNetworking;
			sourceTree = "<group>";
		};
		B4A944231B62320900663546 /* AFNetworking */ = {
			isa = PBXGroup;
			children = (
				B4A944241B62320900663546 /* AFHTTPRequestOperation.h */,
				B4A944251B62320900663546 /* AFHTTPRequestOperation.m */,
				B4A944261B62320900663546 /* AFHTTPRequestOperationManager.h */,
				B4A944271B62320900663546 /* AFHTTPRequestOperationManager.m */,
				B4A944281B62320900663546 /* AFHTTPSessionManager.h */,
				B4A944291B62320900663546 /* AFHTTPSessionManager.m */,
				B4A9442A1B62320900663546 /* AFNetworking.h */,
				B4A9442B1B62320900663546 /* AFNetworkReachabilityManager.h */,
				B4A9442C1B62320900663546 /* AFNetworkReachabilityManager.m */,
				B4A9442D1B62320900663546 /* AFSecurityPolicy.h */,
				B4A9442E1B62320900663546 /* AFSecurityPolicy.m */,
				B4A9442F1B62320900663546 /* AFURLConnectionOperation.h */,
				B4A944301B62320900663546 /* AFURLConnectionOperation.m */,
				B4A944311B62320900663546 /* AFURLRequestSerialization.h */,
				B4A944321B62320900663546 /* AFURLRequestSerialization.m */,
				B4A944331B62320900663546 /* AFURLResponseSerialization.h */,
				B4A944341B62320900663546 /* AFURLResponseSerialization.m */,
				B4A944351B62320900663546 /* AFURLSessionManager.h */,
				B4A944361B62320900663546 /* AFURLSessionManager.m */,
			);
			path = AFNetworking;
			sourceTree = "<group>";
		};
		B4A944391B62320900663546 /* UIKit+AFNetworking */ = {
			isa = PBXGroup;
			children = (
				B4A9443A1B62320900663546 /* AFNetworkActivityIndicatorManager.h */,
				B4A9443B1B62320900663546 /* AFNetworkActivityIndicatorManager.m */,
				B4A9443C1B62320900663546 /* UIActivityIndicatorView+AFNetworking.h */,
				B4A9443D1B62320900663546 /* UIActivityIndicatorView+AFNetworking.m */,
				B4A9443E1B62320900663546 /* UIAlertView+AFNetworking.h */,
				B4A9443F1B62320900663546 /* UIAlertView+AFNetworking.m */,
				B4A944401B62320900663546 /* UIButton+AFNetworking.h */,
				B4A944411B62320900663546 /* UIButton+AFNetworking.m */,
				B4A944421B62320900663546 /* UIImageView+AFNetworking.h */,
				B4A944431B62320900663546 /* UIImageView+AFNetworking.m */,
				B4A944441B62320900663546 /* UIKit+AFNetworking.h */,
				B4A944451B62320900663546 /* UIProgressView+AFNetworking.h */,
				B4A944461B62320900663546 /* UIProgressView+AFNetworking.m */,
				B4A944471B62320900663546 /* UIRefreshControl+AFNetworking.h */,
				B4A944481B62320900663546 /* UIRefreshControl+AFNetworking.m */,
				B4A944491B62320900663546 /* UIWebView+AFNetworking.h */,
				B4A9444A1B62320900663546 /* UIWebView+AFNetworking.m */,
			);
			path = "UIKit+AFNetworking";
			sourceTree = "<group>";
		};
		B4A944641B62355C00663546 /* NetWorkService */ = {
			isa = PBXGroup;
			children = (
				B4A944651B62355C00663546 /* QLNetworkEngine.h */,
				B4A944661B62355C00663546 /* QLNetworkEngine.m */,
				B4A944671B62355C00663546 /* QLNetworkEngineHeader.h */,
				B4A944681B62355C00663546 /* YQBaseModel.h */,
				B4A944691B62355C00663546 /* YQBaseModel.m */,
			);
			path = NetWorkService;
			sourceTree = "<group>";
		};
/* End PBXGroup section */

/* Begin PBXNativeTarget section */
		B4A943F81B6231DE00663546 /* QLDownLoadDemo */ = {
			isa = PBXNativeTarget;
			buildConfigurationList = B4A9441C1B6231DE00663546 /* Build configuration list for PBXNativeTarget "QLDownLoadDemo" */;
			buildPhases = (
				B4A943F51B6231DE00663546 /* Sources */,
				B4A943F61B6231DE00663546 /* Frameworks */,
				B4A943F71B6231DE00663546 /* Resources */,
			);
			buildRules = (
			);
			dependencies = (
			);
			name = QLDownLoadDemo;
			productName = QLDownLoadDemo;
			productReference = B4A943F91B6231DE00663546 /* QLDownLoadDemo.app */;
			productType = "com.apple.product-type.application";
		};
		B4A944111B6231DE00663546 /* QLDownLoadDemoTests */ = {
			isa = PBXNativeTarget;
			buildConfigurationList = B4A9441F1B6231DE00663546 /* Build configuration list for PBXNativeTarget "QLDownLoadDemoTests" */;
			buildPhases = (
				B4A9440E1B6231DE00663546 /* Sources */,
				B4A9440F1B6231DE00663546 /* Frameworks */,
				B4A944101B6231DE00663546 /* Resources */,
			);
			buildRules = (
			);
			dependencies = (
				B4A944141B6231DE00663546 /* PBXTargetDependency */,
			);
			name = QLDownLoadDemoTests;
			productName = QLDownLoadDemoTests;
			productReference = B4A944121B6231DE00663546 /* QLDownLoadDemoTests.xctest */;
			productType = "com.apple.product-type.bundle.unit-test";
		};
/* End PBXNativeTarget section */

/* Begin PBXProject section */
		B4A943F11B6231DE00663546 /* Project object */ = {
			isa = PBXProject;
			attributes = {
				LastUpgradeCheck = 0630;
				ORGANIZATIONNAME = xuqianlong;
				TargetAttributes = {
					B4A943F81B6231DE00663546 = {
						CreatedOnToolsVersion = 6.3.1;
					};
					B4A944111B6231DE00663546 = {
						CreatedOnToolsVersion = 6.3.1;
						TestTargetID = B4A943F81B6231DE00663546;
					};
				};
			};
			buildConfigurationList = B4A943F41B6231DE00663546 /* Build configuration list for PBXProject "QLDownLoadDemo" */;
			compatibilityVersion = "Xcode 3.2";
			developmentRegion = English;
			hasScannedForEncodings = 0;
			knownRegions = (
				en,
				Base,
			);
			mainGroup = B4A943F01B6231DE00663546;
			productRefGroup = B4A943FA1B6231DE00663546 /* Products */;
			projectDirPath = "";
			projectRoot = "";
			targets = (
				B4A943F81B6231DE00663546 /* QLDownLoadDemo */,
				B4A944111B6231DE00663546 /* QLDownLoadDemoTests */,
			);
		};
/* End PBXProject section */

/* Begin PBXResourcesBuildPhase section */
		B4A943F71B6231DE00663546 /* Resources */ = {
			isa = PBXResourcesBuildPhase;
			buildActionMask = 2147483647;
			files = (
				B4A944081B6231DE00663546 /* Main.storyboard in Resources */,
				B4A9440D1B6231DE00663546 /* LaunchScreen.xib in Resources */,
				B4A944541B62320900663546 /* LICENSE in Resources */,
				B4A9440A1B6231DE00663546 /* Images.xcassets in Resources */,
			);
			runOnlyForDeploymentPostprocessing = 0;
		};
		B4A944101B6231DE00663546 /* Resources */ = {
			isa = PBXResourcesBuildPhase;
			buildActionMask = 2147483647;
			files = (
			);
			runOnlyForDeploymentPostprocessing = 0;
		};
/* End PBXResourcesBuildPhase section */

/* Begin PBXSourcesBuildPhase section */
		B4A943F51B6231DE00663546 /* Sources */ = {
			isa = PBXSourcesBuildPhase;
			buildActionMask = 2147483647;
			files = (
				B4A9445B1B62320900663546 /* UIProgressView+AFNetworking.m in Sources */,
				B4A944591B62320900663546 /* UIButton+AFNetworking.m in Sources */,
				B4A9445C1B62320900663546 /* UIRefreshControl+AFNetworking.m in Sources */,
				B4A944581B62320900663546 /* UIAlertView+AFNetworking.m in Sources */,
				B4A9444B1B62320900663546 /* AFHTTPRequestOperation.m in Sources */,
				B4A944601B62327200663546 /* QLVideoListController.m in Sources */,
				B4A9446B1B62355C00663546 /* YQBaseModel.m in Sources */,
				B4A9446E1B623EB700663546 /* QLVideoListModel.m in Sources */,
				B4A9444C1B62320900663546 /* AFHTTPRequestOperationManager.m in Sources */,
				B4A9444E1B62320900663546 /* AFNetworkReachabilityManager.m in Sources */,
				B4A9446A1B62355C00663546 /* QLNetworkEngine.m in Sources */,
				B4A944551B62320900663546 /* README.md in Sources */,
				B4A9445A1B62320900663546 /* UIImageView+AFNetworking.m in Sources */,
				B4A944631B62331400663546 /* QLVideoListCell.m in Sources */,
				B4A944521B62320900663546 /* AFURLResponseSerialization.m in Sources */,
				B4A944571B62320900663546 /* UIActivityIndicatorView+AFNetworking.m in Sources */,
				B4A944501B62320900663546 /* AFURLConnectionOperation.m in Sources */,
				B4A9444F1B62320900663546 /* AFSecurityPolicy.m in Sources */,
				B4A9444D1B62320900663546 /* AFHTTPSessionManager.m in Sources */,
				B4A944511B62320900663546 /* AFURLRequestSerialization.m in Sources */,
				B4A944531B62320900663546 /* AFURLSessionManager.m in Sources */,
				B4A9445D1B62320900663546 /* UIWebView+AFNetworking.m in Sources */,
				B4A944021B6231DE00663546 /* AppDelegate.m in Sources */,
				B4A944561B62320900663546 /* AFNetworkActivityIndicatorManager.m in Sources */,
				B4A943FF1B6231DE00663546 /* main.m in Sources */,
			);
			runOnlyForDeploymentPostprocessing = 0;
		};
		B4A9440E1B6231DE00663546 /* Sources */ = {
			isa = PBXSourcesBuildPhase;
			buildActionMask = 2147483647;
			files = (
				B4A944191B6231DE00663546 /* QLDownLoadDemoTests.m in Sources */,
			);
			runOnlyForDeploymentPostprocessing = 0;
		};
/* End PBXSourcesBuildPhase section */

/* Begin PBXTargetDependency section */
		B4A944141B6231DE00663546 /* PBXTargetDependency */ = {
			isa = PBXTargetDependency;
			target = B4A943F81B6231DE00663546 /* QLDownLoadDemo */;
			targetProxy = B4A944131B6231DE00663546 /* PBXContainerItemProxy */;
		};
/* End PBXTargetDependency section */

/* Begin PBXVariantGroup section */
		B4A944061B6231DE00663546 /* Main.storyboard */ = {
			isa = PBXVariantGroup;
			children = (
				B4A944071B6231DE00663546 /* Base */,
			);
			name = Main.storyboard;
			sourceTree = "<group>";
		};
		B4A9440B1B6231DE00663546 /* LaunchScreen.xib */ = {
			isa = PBXVariantGroup;
			children = (
				B4A9440C1B6231DE00663546 /* Base */,
			);
			name = LaunchScreen.xib;
			sourceTree = "<group>";
		};
/* End PBXVariantGroup section */

/* Begin XCBuildConfiguration section */
		B4A9441A1B6231DE00663546 /* Debug */ = {
			isa = XCBuildConfiguration;
			buildSettings = {
				ALWAYS_SEARCH_USER_PATHS = NO;
				CLANG_CXX_LANGUAGE_STANDARD = "gnu++0x";
				CLANG_CXX_LIBRARY = "libc++";
				CLANG_ENABLE_MODULES = YES;
				CLANG_ENABLE_OBJC_ARC = YES;
				CLANG_WARN_BOOL_CONVERSION = YES;
				CLANG_WARN_CONSTANT_CONVERSION = YES;
				CLANG_WARN_DIRECT_OBJC_ISA_USAGE = YES_ERROR;
				CLANG_WARN_EMPTY_BODY = YES;
				CLANG_WARN_ENUM_CONVERSION = YES;
				CLANG_WARN_INT_CONVERSION = YES;
				CLANG_WARN_OBJC_ROOT_CLASS = YES_ERROR;
				CLANG_WARN_UNREACHABLE_CODE = YES;
				CLANG_WARN__DUPLICATE_METHOD_MATCH = YES;
				"CODE_SIGN_IDENTITY[sdk=iphoneos*]" = "iPhone Developer";
				COPY_PHASE_STRIP = NO;
				DEBUG_INFORMATION_FORMAT = "dwarf-with-dsym";
				ENABLE_STRICT_OBJC_MSGSEND = YES;
				GCC_C_LANGUAGE_STANDARD = gnu99;
				GCC_DYNAMIC_NO_PIC = NO;
				GCC_NO_COMMON_BLOCKS = YES;
				GCC_OPTIMIZATION_LEVEL = 0;
				GCC_PREPROCESSOR_DEFINITIONS = (
					"DEBUG=1",
					"$(inherited)",
				);
				GCC_SYMBOLS_PRIVATE_EXTERN = NO;
				GCC_WARN_64_TO_32_BIT_CONVERSION = YES;
				GCC_WARN_ABOUT_RETURN_TYPE = YES_ERROR;
				GCC_WARN_UNDECLARED_SELECTOR = YES;
				GCC_WARN_UNINITIALIZED_AUTOS = YES_AGGRESSIVE;
				GCC_WARN_UNUSED_FUNCTION = YES;
				GCC_WARN_UNUSED_VARIABLE = YES;
				IPHONEOS_DEPLOYMENT_TARGET = 8.3;
				MTL_ENABLE_DEBUG_INFO = YES;
				ONLY_ACTIVE_ARCH = YES;
				SDKROOT = iphoneos;
				TARGETED_DEVICE_FAMILY = "1,2";
			};
			name = Debug;
		};
		B4A9441B1B6231DE00663546 /* Release */ = {
			isa = XCBuildConfiguration;
			buildSettings = {
				ALWAYS_SEARCH_USER_PATHS = NO;
				CLANG_CXX_LANGUAGE_STANDARD = "gnu++0x";
				CLANG_CXX_LIBRARY = "libc++";
				CLANG_ENABLE_MODULES = YES;
				CLANG_ENABLE_OBJC_ARC = YES;
				CLANG_WARN_BOOL_CONVERSION = YES;
				CLANG_WARN_CONSTANT_CONVERSION = YES;
				CLANG_WARN_DIRECT_OBJC_ISA_USAGE = YES_ERROR;
				CLANG_WARN_EMPTY_BODY = YES;
				CLANG_WARN_ENUM_CONVERSION = YES;
				CLANG_WARN_INT_CONVERSION = YES;
				CLANG_WARN_OBJC_ROOT_CLASS = YES_ERROR;
				CLANG_WARN_UNREACHABLE_CODE = YES;
				CLANG_WARN__DUPLICATE_METHOD_MATCH = YES;
				"CODE_SIGN_IDENTITY[sdk=iphoneos*]" = "iPhone Developer";
				COPY_PHASE_STRIP = NO;
				DEBUG_INFORMATION_FORMAT = "dwarf-with-dsym";
				ENABLE_NS_ASSERTIONS = NO;
				ENABLE_STRICT_OBJC_MSGSEND = YES;
				GCC_C_LANGUAGE_STANDARD = gnu99;
				GCC_NO_COMMON_BLOCKS = YES;
				GCC_WARN_64_TO_32_BIT_CONVERSION = YES;
				GCC_WARN_ABOUT_RETURN_TYPE = YES_ERROR;
				GCC_WARN_UNDECLARED_SELECTOR = YES;
				GCC_WARN_UNINITIALIZED_AUTOS = YES_AGGRESSIVE;
				GCC_WARN_UNUSED_FUNCTION = YES;
				GCC_WARN_UNUSED_VARIABLE = YES;
				IPHONEOS_DEPLOYMENT_TARGET = 8.3;
				MTL_ENABLE_DEBUG_INFO = NO;
				SDKROOT = iphoneos;
				TARGETED_DEVICE_FAMILY = "1,2";
				VALIDATE_PRODUCT = YES;
			};
			name = Release;
		};
		B4A9441D1B6231DE00663546 /* Debug */ = {
			isa = XCBuildConfiguration;
			buildSettings = {
				ASSETCATALOG_COMPILER_APPICON_NAME = AppIcon;
				INFOPLIST_FILE = QLDownLoadDemo/Info.plist;
				LD_RUNPATH_SEARCH_PATHS = "$(inherited) @executable_path/Frameworks";
				PRODUCT_NAME = "$(TARGET_NAME)";
			};
			name = Debug;
		};
		B4A9441E1B6231DE00663546 /* Release */ = {
			isa = XCBuildConfiguration;
			buildSettings = {
				ASSETCATALOG_COMPILER_APPICON_NAME = AppIcon;
				INFOPLIST_FILE = QLDownLoadDemo/Info.plist;
				LD_RUNPATH_SEARCH_PATHS = "$(inherited) @executable_path/Frameworks";
				PRODUCT_NAME = "$(TARGET_NAME)";
			};
			name = Release;
		};
		B4A944201B6231DE00663546 /* Debug */ = {
			isa = XCBuildConfiguration;
			buildSettings = {
				BUNDLE_LOADER = "$(TEST_HOST)";
				FRAMEWORK_SEARCH_PATHS = (
					"$(SDKROOT)/Developer/Library/Frameworks",
					"$(inherited)",
				);
				GCC_PREPROCESSOR_DEFINITIONS = (
					"DEBUG=1",
					"$(inherited)",
				);
				INFOPLIST_FILE = QLDownLoadDemoTests/Info.plist;
				LD_RUNPATH_SEARCH_PATHS = "$(inherited) @executable_path/Frameworks @loader_path/Frameworks";
				PRODUCT_NAME = "$(TARGET_NAME)";
				TEST_HOST = "$(BUILT_PRODUCTS_DIR)/QLDownLoadDemo.app/QLDownLoadDemo";
			};
			name = Debug;
		};
		B4A944211B6231DE00663546 /* Release */ = {
			isa = XCBuildConfiguration;
			buildSettings = {
				BUNDLE_LOADER = "$(TEST_HOST)";
				FRAMEWORK_SEARCH_PATHS = (
					"$(SDKROOT)/Developer/Library/Frameworks",
					"$(inherited)",
				);
				INFOPLIST_FILE = QLDownLoadDemoTests/Info.plist;
				LD_RUNPATH_SEARCH_PATHS = "$(inherited) @executable_path/Frameworks @loader_path/Frameworks";
				PRODUCT_NAME = "$(TARGET_NAME)";
				TEST_HOST = "$(BUILT_PRODUCTS_DIR)/QLDownLoadDemo.app/QLDownLoadDemo";
			};
			name = Release;
		};
/* End XCBuildConfiguration section */

/* Begin XCConfigurationList section */
		B4A943F41B6231DE00663546 /* Build configuration list for PBXProject "QLDownLoadDemo" */ = {
			isa = XCConfigurationList;
			buildConfigurations = (
				B4A9441A1B6231DE00663546 /* Debug */,
				B4A9441B1B6231DE00663546 /* Release */,
			);
			defaultConfigurationIsVisible = 0;
			defaultConfigurationName = Release;
		};
		B4A9441C1B6231DE00663546 /* Build configuration list for PBXNativeTarget "QLDownLoadDemo" */ = {
			isa = XCConfigurationList;
			buildConfigurations = (
				B4A9441D1B6231DE00663546 /* Debug */,
				B4A9441E1B6231DE00663546 /* Release */,
			);
			defaultConfigurationIsVisible = 0;
		};
		B4A9441F1B6231DE00663546 /* Build configuration list for PBXNativeTarget "QLDownLoadDemoTests" */ = {
			isa = XCConfigurationList;
			buildConfigurations = (
				B4A944201B6231DE00663546 /* Debug */,
				B4A944211B6231DE00663546 /* Release */,
			);
			defaultConfigurationIsVisible = 0;
		};
/* End XCConfigurationList section */
	};
	rootObject = B4A943F11B6231DE00663546 /* Project object */;
}
